Microsoft Visual Studio Solution File, Format Version 12.00
# Visual Studio Version 17
VisualStudioVersion = 17.5.2.0
MinimumVisualStudioVersion = 10.0.40219.1
Project("{FAE04EC0-301F-11D3-BF4B-00C04F79EFBC}") = "calculator_pemograman", "calculator_pemograman.csproj", "{7571C5C7-F205-993B-3C50-1B32C0868347}"
EndProject
Global
	GlobalSection(SolutionConfigurationPlatforms) = preSolution
		Debug|Any CPU = Debug|Any CPU
		Release|Any CPU = Release|Any CPU
	EndGlobalSection
	GlobalSection(ProjectConfigurationPlatforms) = postSolution
		{7571C5C7-F205-993B-3C50-1B32C0868347}.Debug|Any CPU.ActiveCfg = Debug|Any CPU
		{7571C5C7-F205-993B-3C50-1B32C0868347}.Debug|Any CPU.Build.0 = Debug|Any CPU
		{7571C5C7-F205-993B-3C50-1B32C0868347}.Release|Any CPU.ActiveCfg = Release|Any CPU
		{7571C5C7-F205-993B-3C50-1B32C0868347}.Release|Any CPU.Build.0 = Release|Any CPU
	EndGlobalSection
	GlobalSection(SolutionProperties) = preSolution
		HideSolutionNode = FALSE
	EndGlobalSection
	GlobalSection(ExtensibilityGlobals) = postSolution
		SolutionGuid = {BEC37698-432F-4057-B5A4-B67A2008F81A}
	EndGlobalSection
EndGlobal
